
Microsoft Visual Studio Solution File, Format Version 12.00
# Visual Studio 14
VisualStudioVersion = 14.0.23107.0
MinimumVisualStudioVersion = 10.0.40219.1
Project("{FAE04EC0-301F-11D3-BF4B-00C04F79EFBC}") = "System", "System\System.csproj", "{0970DFB4-906E-4045-B14A-96C64FC4038C}"
EndProject
Project("{FAE04EC0-301F-11D3-BF4B-00C04F79EFBC}") = "Tests", "Tests\Tests.csproj", "{EFA5E846-B9CF-4A42-8CA0-5145CA90DD76}"
EndProject
Global
	GlobalSection(SolutionConfigurationPlatforms) = preSolution
		Debug|Any CPU = Debug|Any CPU
		Release|Any CPU = Release|Any CPU
	EndGlobalSection
	GlobalSection(ProjectConfigurationPlatforms) = postSolution
		{0970DFB4-906E-4045-B14A-96C64FC4038C}.Debug|Any CPU.ActiveCfg = Debug|Any CPU
		{0970DFB4-906E-4045-B14A-96C64FC4038C}.Debug|Any CPU.Build.0 = Debug|Any CPU
		{0970DFB4-906E-4045-B14A-96C64FC4038C}.Release|Any CPU.ActiveCfg = Release|Any CPU
		{0970DFB4-906E-4045-B14A-96C64FC4038C}.Release|Any CPU.Build.0 = Release|Any CPU
		{EFA5E846-B9CF-4A42-8CA0-5145CA90DD76}.Debug|Any CPU.ActiveCfg = Debug|Any CPU
		{EFA5E846-B9CF-4A42-8CA0-5145CA90DD76}.Debug|Any CPU.Build.0 = Debug|Any CPU
		{EFA5E846-B9CF-4A42-8CA0-5145CA90DD76}.Release|Any CPU.ActiveCfg = Release|Any CPU
		{EFA5E846-B9CF-4A42-8CA0-5145CA90DD76}.Release|Any CPU.Build.0 = Release|Any CPU
	EndGlobalSection
	GlobalSection(SolutionProperties) = preSolution
		HideSolutionNode = FALSE
	EndGlobalSection
EndGlobal
